// !$*UTF8*$!
{
	archiveVersion = 1;
	classes = {
	};
	objectVersion = 50;
	objects = {

/* Begin PBXBuildFile section */
		1B74A1DD255B744500855F4A /* AppDelegate.swift in Sources */ = {isa = PBXBuildFile; fileRef = 1B74A1DC255B744500855F4A /* AppDelegate.swift */; };
		1B74A1DF255B744500855F4A /* SceneDelegate.swift in Sources */ = {isa = PBXBuildFile; fileRef = 1B74A1DE255B744500855F4A /* SceneDelegate.swift */; };
		1B74A1E1255B744500855F4A /* ViewController.swift in Sources */ = {isa = PBXBuildFile; fileRef = 1B74A1E0255B744500855F4A /* ViewController.swift */; };
		1B74A1E4255B744500855F4A /* Main.storyboard in Resources */ = {isa = PBXBuildFile; fileRef = 1B74A1E2255B744500855F4A /* Main.storyboard */; };
		1B74A1E6255B744600855F4A /* Assets.xcassets in Resources */ = {isa = PBXBuildFile; fileRef = 1B74A1E5255B744600855F4A /* Assets.xcassets */; };
		1B74A1E9255B744600855F4A /* LaunchScreen.storyboard in Resources */ = {isa = PBXBuildFile; fileRef = 1B74A1E7255B744600855F4A /* LaunchScreen.storyboard */; };
		1B74A1F3255B74F300855F4A /* MyTableViewCell.swift in Sources */ = {isa = PBXBuildFile; fileRef = 1B74A1F1255B74F300855F4A /* MyTableViewCell.swift */; };
		1B74A1F4255B74F300855F4A /* MyTableViewCell.xib in Resources */ = {isa = PBXBuildFile; fileRef = 1B74A1F2255B74F300855F4A /* MyTableViewCell.xib */; };
		1B74A1F7255B777E00855F4A /* Holiday.swift in Sources */ = {isa = PBXBuildFile; fileRef = 1B74A1F6255B777E00855F4A /* Holiday.swift */; };
		1B74A1FA255B793D00855F4A /* HolidayRequest.swift in Sources */ = {isa = PBXBuildFile; fileRef = 1B74A1F9255B793D00855F4A /* HolidayRequest.swift */; };
/* End PBXBuildFile section */

/* Begin PBXFileReference section */
		1B74A1D9255B744500855F4A /* HolidayCalendar.app */ = {isa = PBXFileReference; explicitFileType = wrapper.application; includeInIndex = 0; path = HolidayCalendar.app; sourceTree = BUILT_PRODUCTS_DIR; };
		1B74A1DC255B744500855F4A /* AppDelegate.swift */ = {isa = PBXFileReference; lastKnownFileType = sourcecode.swift; path = AppDelegate.swift; sourceTree = "<group>"; };
		1B74A1DE255B744500855F4A /* SceneDelegate.swift */ = {isa = PBXFileReference; lastKnownFileType = sourcecode.swift; path = SceneDelegate.swift; sourceTree = "<group>"; };
		1B74A1E0255B744500855F4A /* ViewController.swift */ = {isa = PBXFileReference; lastKnownFileType = sourcecode.swift; path = ViewController.swift; sourceTree = "<group>"; };
		1B74A1E3255B744500855F4A /* Base */ = {isa = PBXFileReference; lastKnownFileType = file.storyboard; name = Base; path = Base.lproj/Main.storyboard; sourceTree = "<group>"; };
		1B74A1E5255B744600855F4A /* Assets.xcassets */ = {isa = PBXFileReference; lastKnownFileType = folder.assetcatalog; path = Assets.xcassets; sourceTree = "<group>"; };
		1B74A1E8255B744600855F4A /* Base */ = {isa = PBXFileReference; lastKnownFileType = file.storyboard; name = Base; path = Base.lproj/LaunchScreen.storyboard; sourceTree = "<group>"; };
		1B74A1EA255B744600855F4A /* Info.plist */ = {isa = PBXFileReference; lastKnownFileType = text.plist.xml; path = Info.plist; sourceTree = "<group>"; };
		1B74A1F1255B74F300855F4A /* MyTableViewCell.swift */ = {isa = PBXFileReference; lastKnownFileType = sourcecode.swift; path = MyTableViewCell.swift; sourceTree = "<group>"; };
		1B74A1F2255B74F300855F4A /* MyTableViewCell.xib */ = {isa = PBXFileReference; lastKnownFileType = file.xib; path = MyTableViewCell.xib; sourceTree = "<group>"; };
		1B74A1F6255B777E00855F4A /* Holiday.swift */ = {isa = PBXFileReference; lastKnownFileType = sourcecode.swift; path = Holiday.swift; sourceTree = "<group>"; };
		1B74A1F9255B793D00855F4A /* HolidayRequest.swift */ = {isa = PBXFileReference; lastKnownFileType = sourcecode.swift; path = HolidayRequest.swift; sourceTree = "<group>"; };
/* End PBXFileReference section */

/* Begin PBXFrameworksBuildPhase section */
		1B74A1D6255B744500855F4A /* Frameworks */ = {
			isa = PBXFrameworksBuildPhase;
			buildActionMask = 2147483647;
			files = (
			);
			runOnlyForDeploymentPostprocessing = 0;
		};
/* End PBXFrameworksBuildPhase section */

/* Begin PBXGroup section */
		1B74A1D0255B744500855F4A = {
			isa = PBXGroup;
			children = (
				1B74A1DB255B744500855F4A /* HolidayCalendar */,
				1B74A1DA255B744500855F4A /* Products */,
			);
			sourceTree = "<group>";
		};
		1B74A1DA255B744500855F4A /* Products */ = {
			isa = PBXGroup;
			children = (
				1B74A1D9255B744500855F4A /* HolidayCalendar.app */,
			);
			name = Products;
			sourceTree = "<group>";
		};
		1B74A1DB255B744500855F4A /* HolidayCalendar */ = {
			isa = PBXGroup;
			children = (
				1B74A1DC255B744500855F4A /* AppDelegate.swift */,
				1B74A1DE255B744500855F4A /* SceneDelegate.swift */,
				1B74A1E0255B744500855F4A /* ViewController.swift */,
				1B74A1E2255B744500855F4A /* Main.storyboard */,
				1B74A1E5255B744600855F4A /* Assets.xcassets */,
				1B74A1E7255B744600855F4A /* LaunchScreen.storyboard */,
				1B74A1EA255B744600855F4A /* Info.plist */,
				1B74A1F1255B74F300855F4A /* MyTableViewCell.swift */,
				1B74A1F2255B74F300855F4A /* MyTableViewCell.xib */,
				1B74A1F6255B777E00855F4A /* Holiday.swift */,
				1B74A1F9255B793D00855F4A /* HolidayRequest.swift */,
			);
			path = HolidayCalendar;
			sourceTree = "<group>";
		};
/* End PBXGroup section */

/* Begin PBXNativeTarget section */
		1B74A1D8255B744500855F4A /* HolidayCalendar */ = {
			isa = PBXNativeTarget;
			buildConfigurationList = 1B74A1ED255B744600855F4A /* Build configuration list for PBXNativeTarget "HolidayCalendar" */;
			buildPhases = (
				1B74A1D5255B744500855F4A /* Sources */,
				1B74A1D6255B744500855F4A /* Frameworks */,
				1B74A1D7255B744500855F4A /* Resources */,
			);
			buildRules = (
			);
			dependencies = (
			);
			name = HolidayCalendar;
			productName = HolidayCalendar;
			productReference = 1B74A1D9255B744500855F4A /* HolidayCalendar.app */;
			productType = "com.apple.product-type.application";
		};
/* End PBXNativeTarget section */

/* Begin PBXProject section */
		1B74A1D1255B744500855F4A /* Project object */ = {
			isa = PBXProject;
			attributes = {
				LastSwiftUpdateCheck = 1210;
				LastUpgradeCheck = 1210;
				TargetAttributes = {
					1B74A1D8255B744500855F4A = {
						CreatedOnToolsVersion = 12.1;
					};
				};
			};
			buildConfigurationList = 1B74A1D4255B744500855F4A /* Build configuration list for PBXProject "HolidayCalendar" */;
			compatibilityVersion = "Xcode 9.3";
			developmentRegion = en;
			hasScannedForEncodings = 0;
			knownRegions = (
				en,
				Base,
			);
			mainGroup = 1B74A1D0255B744500855F4A;
			productRefGroup = 1B74A1DA255B744500855F4A /* Products */;
			projectDirPath = "";
			projectRoot = "";
			targets = (
				1B74A1D8255B744500855F4A /* HolidayCalendar */,
			);
		};
/* End PBXProject section */

/* Begin PBXResourcesBuildPhase section */
		1B74A1D7255B744500855F4A /* Resources */ = {
			isa = PBXResourcesBuildPhase;
			buildActionMask = 2147483647;
			files = (
				1B74A1E9255B744600855F4A /* LaunchScreen.storyboard in Resources */,
				1B74A1F4255B74F300855F4A /* MyTableViewCell.xib in Resources */,
				1B74A1E6255B744600855F4A /* Assets.xcassets in Resources */,
				1B74A1E4255B744500855F4A /* Main.storyboard in Resources */,
			);
			runOnlyForDeploymentPostprocessing = 0;
		};
/* End PBXResourcesBuildPhase section */

/* Begin PBXSourcesBuildPhase section */
		1B74A1D5255B744500855F4A /* Sources */ = {
			isa = PBXSourcesBuildPhase;
			buildActionMask = 2147483647;
			files = (
				1B74A1FA255B793D00855F4A /* HolidayRequest.swift in Sources */,
				1B74A1E1255B744500855F4A /* ViewController.swift in Sources */,
				1B74A1F7255B777E00855F4A /* Holiday.swift in Sources */,
				1B74A1F3255B74F300855F4A /* MyTableViewCell.swift in Sources */,
				1B74A1DD255B744500855F4A /* AppDelegate.swift in Sources */,
				1B74A1DF255B744500855F4A /* SceneDelegate.swift in Sources */,
			);
			runOnlyForDeploymentPostprocessing = 0;
		};
/* End PBXSourcesBuildPhase section */

/* Begin PBXVariantGroup section */
		1B74A1E2255B744500855F4A /* Main.storyboard */ = {
			isa = PBXVariantGroup;
			children = (
				1B74A1E3255B744500855F4A /* Base */,
			);
			name = Main.storyboard;
			sourceTree = "<group>";
		};
		1B74A1E7255B744600855F4A /* LaunchScreen.storyboard */ = {
			isa = PBXVariantGroup;
			children = (
				1B74A1E8255B744600855F4A /* Base */,
			);
			name = LaunchScreen.storyboard;
			sourceTree = "<group>";
		};
/* End PBXVariantGroup section */

/* Begin XCBuildConfiguration section */
		1B74A1EB255B744600855F4A /* Debug */ = {
			isa = XCBuildConfiguration;
			buildSettings = {
				ALWAYS_SEARCH_USER_PATHS = NO;
				CLANG_ANALYZER_NONNULL = YES;
				CLANG_ANALYZER_NUMBER_OBJECT_CONVERSION = YES_AGGRESSIVE;
				CLANG_CXX_LANGUAGE_STANDARD = "gnu++14";
				CLANG_CXX_LIBRARY = "libc++";
				CLANG_ENABLE_MODULES = YES;
				CLANG_ENABLE_OBJC_ARC = YES;
				CLANG_ENABLE_OBJC_WEAK = YES;
				CLANG_WARN_BLOCK_CAPTURE_AUTORELEASING = YES;
				CLANG_WARN_BOOL_CONVERSION = YES;
				CLANG_WARN_COMMA = YES;
				CLANG_WARN_CONSTANT_CONVERSION = YES;
				CLANG_WARN_DEPRECATED_OBJC_IMPLEMENTATIONS = YES;
				CLANG_WARN_DIRECT_OBJC_ISA_USAGE = YES_ERROR;
				CLANG_WARN_DOCUMENTATION_COMMENTS = YES;
				CLANG_WARN_EMPTY_BODY = YES;
				CLANG_WARN_ENUM_CONVERSION = YES;
				CLANG_WARN_INFINITE_RECURSION = YES;
				CLANG_WARN_INT_CONVERSION = YES;
				CLANG_WARN_NON_LITERAL_NULL_CONVERSION = YES;
				CLANG_WARN_OBJC_IMPLICIT_RETAIN_SELF = YES;
				CLANG_WARN_OBJC_LITERAL_CONVERSION = YES;
				CLANG_WARN_OBJC_ROOT_CLASS = YES_ERROR;
				CLANG_WARN_QUOTED_INCLUDE_IN_FRAMEWORK_HEADER = YES;
				CLANG_WARN_RANGE_LOOP_ANALYSIS = YES;
				CLANG_WARN_STRICT_PROTOTYPES = YES;
				CLANG_WARN_SUSPICIOUS_MOVE = YES;
				CLANG_WARN_UNGUARDED_AVAILABILITY = YES_AGGRESSIVE;
				CLANG_WARN_UNREACHABLE_CODE = YES;
				CLANG_WARN__DUPLICATE_METHOD_MATCH = YES;
				COPY_PHASE_STRIP = NO;
				DEBUG_INFORMATION_FORMAT = dwarf;
				ENABLE_STRICT_OBJC_MSGSEND = YES;
				ENABLE_TESTABILITY = YES;
				GCC_C_LANGUAGE_STANDARD = gnu11;
				GCC_DYNAMIC_NO_PIC = NO;
				GCC_NO_COMMON_BLOCKS = YES;
				GCC_OPTIMIZATION_LEVEL = 0;
				GCC_PREPROCESSOR_DEFINITIONS = (
					"DEBUG=1",
					"$(inherited)",
				);
				GCC_WARN_64_TO_32_BIT_CONVERSION = YES;
				GCC_WARN_ABOUT_RETURN_TYPE = YES_ERROR;
				GCC_WARN_UNDECLARED_SELECTOR = YES;
				GCC_WARN_UNINITIALIZED_AUTOS = YES_AGGRESSIVE;
				GCC_WARN_UNUSED_FUNCTION = YES;
				GCC_WARN_UNUSED_VARIABLE = YES;
				IPHONEOS_DEPLOYMENT_TARGET = 14.1;
				MTL_ENABLE_DEBUG_INFO = INCLUDE_SOURCE;
				MTL_FAST_MATH = YES;
				ONLY_ACTIVE_ARCH = YES;
				SDKROOT = iphoneos;
				SWIFT_ACTIVE_COMPILATION_CONDITIONS = DEBUG;
				SWIFT_OPTIMIZATION_LEVEL = "-Onone";
			};
			name = Debug;
		};
		1B74A1EC255B744600855F4A /* Release */ = {
			isa = XCBuildConfiguration;
			buildSettings = {
				ALWAYS_SEARCH_USER_PATHS = NO;
				CLANG_ANALYZER_NONNULL = YES;
				CLANG_ANALYZER_NUMBER_OBJECT_CONVERSION = YES_AGGRESSIVE;
				CLANG_CXX_LANGUAGE_STANDARD = "gnu++14";
				CLANG_CXX_LIBRARY = "libc++";
				CLANG_ENABLE_MODULES = YES;
				CLANG_ENABLE_OBJC_ARC = YES;
				CLANG_ENABLE_OBJC_WEAK = YES;
				CLANG_WARN_BLOCK_CAPTURE_AUTORELEASING = YES;
				CLANG_WARN_BOOL_CONVERSION = YES;
				CLANG_WARN_COMMA = YES;
				CLANG_WARN_CONSTANT_CONVERSION = YES;
				CLANG_WARN_DEPRECATED_OBJC_IMPLEMENTATIONS = YES;
				CLANG_WARN_DIRECT_OBJC_ISA_USAGE = YES_ERROR;
				CLANG_WARN_DOCUMENTATION_COMMENTS = YES;
				CLANG_WARN_EMPTY_BODY = YES;
				CLANG_WARN_ENUM_CONVERSION = YES;
				CLANG_WARN_INFINITE_RECURSION = YES;
				CLANG_WARN_INT_CONVERSION = YES;
				CLANG_WARN_NON_LITERAL_NULL_CONVERSION = YES;
				CLANG_WARN_OBJC_IMPLICIT_RETAIN_SELF = YES;
				CLANG_WARN_OBJC_LITERAL_CONVERSION = YES;
				CLANG_WARN_OBJC_ROOT_CLASS = YES_ERROR;
				CLANG_WARN_QUOTED_INCLUDE_IN_FRAMEWORK_HEADER = YES;
				CLANG_WARN_RANGE_LOOP_ANALYSIS = YES;
				CLANG_WARN_STRICT_PROTOTYPES = YES;
				CLANG_WARN_SUSPICIOUS_MOVE = YES;
				CLANG_WARN_UNGUARDED_AVAILABILITY = YES_AGGRESSIVE;
				CLANG_WARN_UNREACHABLE_CODE = YES;
				CLANG_WARN__DUPLICATE_METHOD_MATCH = YES;
				COPY_PHASE_STRIP = NO;
				DEBUG_INFORMATION_FORMAT = "dwarf-with-dsym";
				ENABLE_NS_ASSERTIONS = NO;
				ENABLE_STRICT_OBJC_MSGSEND = YES;
				GCC_C_LANGUAGE_STANDARD = gnu11;
				GCC_NO_COMMON_BLOCKS = YES;
				GCC_WARN_64_TO_32_BIT_CONVERSION = YES;
				GCC_WARN_ABOUT_RETURN_TYPE = YES_ERROR;
				GCC_WARN_UNDECLARED_SELECTOR = YES;
				GCC_WARN_UNINITIALIZED_AUTOS = YES_AGGRESSIVE;
				GCC_WARN_UNUSED_FUNCTION = YES;
				GCC_WARN_UNUSED_VARIABLE = YES;
				IPHONEOS_DEPLOYMENT_TARGET = 14.1;
				MTL_ENABLE_DEBUG_INFO = NO;
				MTL_FAST_MATH = YES;
				SDKROOT = iphoneos;
				SWIFT_COMPILATION_MODE = wholemodule;
				SWIFT_OPTIMIZATION_LEVEL = "-O";
				VALIDATE_PRODUCT = YES;
			};
			name = Release;
		};
		1B74A1EE255B744600855F4A /* Debug */ = {
			isa = XCBuildConfiguration;
			buildSettings = {
				ASSETCATALOG_COMPILER_APPICON_NAME = AppIcon;
				ASSETCATALOG_COMPILER_GLOBAL_ACCENT_COLOR_NAME = AccentColor;
				CODE_SIGN_STYLE = Automatic;
				INFOPLIST_FILE = HolidayCalendar/Info.plist;
				LD_RUNPATH_SEARCH_PATHS = (
					"$(inherited)",
					"@executable_path/Frameworks",
				);
				PRODUCT_BUNDLE_IDENTIFIER = com.rafa.HolidayCalendar;
				PRODUCT_NAME = "$(TARGET_NAME)";
				SWIFT_VERSION = 5.0;
				TARGETED_DEVICE_FAMILY = "1,2";
			};
			name = Debug;
		};
		1B74A1EF255B744600855F4A /* Release */ = {
			isa = XCBuildConfiguration;
			buildSettings = {
				ASSETCATALOG_COMPILER_APPICON_NAME = AppIcon;
				ASSETCATALOG_COMPILER_GLOBAL_ACCENT_COLOR_NAME = AccentColor;
				CODE_SIGN_STYLE = Automatic;
				INFOPLIST_FILE = HolidayCalendar/Info.plist;
				LD_RUNPATH_SEARCH_PATHS = (
					"$(inherited)",
					"@executable_path/Frameworks",
				);
				PRODUCT_BUNDLE_IDENTIFIER = com.rafa.HolidayCalendar;
				PRODUCT_NAME = "$(TARGET_NAME)";
				SWIFT_VERSION = 5.0;
				TARGETED_DEVICE_FAMILY = "1,2";
			};
			name = Release;
		};
/* End XCBuildConfiguration section */

/* Begin XCConfigurationList section */
		1B74A1D4255B744500855F4A /* Build configuration list for PBXProject "HolidayCalendar" */ = {
			isa = XCConfigurationList;
			buildConfigurations = (
				1B74A1EB255B744600855F4A /* Debug */,
				1B74A1EC255B744600855F4A /* Release */,
			);
			defaultConfigurationIsVisible = 0;
			defaultConfigurationName = Release;
		};
		1B74A1ED255B744600855F4A /* Build configuration list for PBXNativeTarget "HolidayCalendar" */ = {
			isa = XCConfigurationList;
			buildConfigurations = (
				1B74A1EE255B744600855F4A /* Debug */,
				1B74A1EF255B744600855F4A /* Release */,
			);
			defaultConfigurationIsVisible = 0;
			defaultConfigurationName = Release;
		};
/* End XCConfigurationList section */
	};
	rootObject = 1B74A1D1255B744500855F4A /* Project object */;
}
