// !$*UTF8*$!
{
	archiveVersion = 1;
	classes = {
	};
	objectVersion = 50;
	objects = {

/* Begin PBXBuildFile section */
		1B72EFC8251A513700D42490 /* AppDelegate.swift in Sources */ = {isa = PBXBuildFile; fileRef = 1B72EFC7251A513700D42490 /* AppDelegate.swift */; };
		1B72EFCA251A513700D42490 /* SceneDelegate.swift in Sources */ = {isa = PBXBuildFile; fileRef = 1B72EFC9251A513700D42490 /* SceneDelegate.swift */; };
		1B72EFCC251A513700D42490 /* ViewController.swift in Sources */ = {isa = PBXBuildFile; fileRef = 1B72EFCB251A513700D42490 /* ViewController.swift */; };
		1B72EFCF251A513700D42490 /* Main.storyboard in Resources */ = {isa = PBXBuildFile; fileRef = 1B72EFCD251A513700D42490 /* Main.storyboard */; };
		1B72EFD1251A513800D42490 /* Assets.xcassets in Resources */ = {isa = PBXBuildFile; fileRef = 1B72EFD0251A513800D42490 /* Assets.xcassets */; };
		1B72EFD4251A513800D42490 /* LaunchScreen.storyboard in Resources */ = {isa = PBXBuildFile; fileRef = 1B72EFD2251A513800D42490 /* LaunchScreen.storyboard */; };
		1B72EFDE251A518600D42490 /* DVD.swift in Sources */ = {isa = PBXBuildFile; fileRef = 1B72EFDD251A518600D42490 /* DVD.swift */; };
		1B72EFE1251A51A200D42490 /* Book.swift in Sources */ = {isa = PBXBuildFile; fileRef = 1B72EFE0251A51A200D42490 /* Book.swift */; };
		1B72EFE4251A51C500D42490 /* Car.swift in Sources */ = {isa = PBXBuildFile; fileRef = 1B72EFE3251A51C500D42490 /* Car.swift */; };
		1B72EFE8251A51F900D42490 /* CD.swift in Sources */ = {isa = PBXBuildFile; fileRef = 1B72EFE7251A51F900D42490 /* CD.swift */; };
		1B72EFEB251A522700D42490 /* Item.swift in Sources */ = {isa = PBXBuildFile; fileRef = 1B72EFEA251A522700D42490 /* Item.swift */; };
		1B72EFEF251A54CA00D42490 /* ItemProtocol.swift in Sources */ = {isa = PBXBuildFile; fileRef = 1B72EFEE251A54CA00D42490 /* ItemProtocol.swift */; };
		1B72EFF4251A5DFA00D42490 /* UIButtonExtension.swift in Sources */ = {isa = PBXBuildFile; fileRef = 1B72EFF3251A5DFA00D42490 /* UIButtonExtension.swift */; };
		1B72EFF8251A5E3300D42490 /* UIButtonProtocol.swift in Sources */ = {isa = PBXBuildFile; fileRef = 1B72EFF7251A5E3300D42490 /* UIButtonProtocol.swift */; };
/* End PBXBuildFile section */

/* Begin PBXFileReference section */
		1B72EFC4251A513700D42490 /* Renter.app */ = {isa = PBXFileReference; explicitFileType = wrapper.application; includeInIndex = 0; path = Renter.app; sourceTree = BUILT_PRODUCTS_DIR; };
		1B72EFC7251A513700D42490 /* AppDelegate.swift */ = {isa = PBXFileReference; lastKnownFileType = sourcecode.swift; path = AppDelegate.swift; sourceTree = "<group>"; };
		1B72EFC9251A513700D42490 /* SceneDelegate.swift */ = {isa = PBXFileReference; lastKnownFileType = sourcecode.swift; path = SceneDelegate.swift; sourceTree = "<group>"; };
		1B72EFCB251A513700D42490 /* ViewController.swift */ = {isa = PBXFileReference; lastKnownFileType = sourcecode.swift; path = ViewController.swift; sourceTree = "<group>"; };
		1B72EFCE251A513700D42490 /* Base */ = {isa = PBXFileReference; lastKnownFileType = file.storyboard; name = Base; path = Base.lproj/Main.storyboard; sourceTree = "<group>"; };
		1B72EFD0251A513800D42490 /* Assets.xcassets */ = {isa = PBXFileReference; lastKnownFileType = folder.assetcatalog; path = Assets.xcassets; sourceTree = "<group>"; };
		1B72EFD3251A513800D42490 /* Base */ = {isa = PBXFileReference; lastKnownFileType = file.storyboard; name = Base; path = Base.lproj/LaunchScreen.storyboard; sourceTree = "<group>"; };
		1B72EFD5251A513800D42490 /* Info.plist */ = {isa = PBXFileReference; lastKnownFileType = text.plist.xml; path = Info.plist; sourceTree = "<group>"; };
		1B72EFDD251A518600D42490 /* DVD.swift */ = {isa = PBXFileReference; lastKnownFileType = sourcecode.swift; path = DVD.swift; sourceTree = "<group>"; };
		1B72EFE0251A51A200D42490 /* Book.swift */ = {isa = PBXFileReference; lastKnownFileType = sourcecode.swift; path = Book.swift; sourceTree = "<group>"; };
		1B72EFE3251A51C500D42490 /* Car.swift */ = {isa = PBXFileReference; lastKnownFileType = sourcecode.swift; path = Car.swift; sourceTree = "<group>"; };
		1B72EFE7251A51F900D42490 /* CD.swift */ = {isa = PBXFileReference; lastKnownFileType = sourcecode.swift; path = CD.swift; sourceTree = "<group>"; };
		1B72EFEA251A522700D42490 /* Item.swift */ = {isa = PBXFileReference; lastKnownFileType = sourcecode.swift; path = Item.swift; sourceTree = "<group>"; };
		1B72EFEE251A54CA00D42490 /* ItemProtocol.swift */ = {isa = PBXFileReference; lastKnownFileType = sourcecode.swift; path = ItemProtocol.swift; sourceTree = "<group>"; };
		1B72EFF3251A5DFA00D42490 /* UIButtonExtension.swift */ = {isa = PBXFileReference; lastKnownFileType = sourcecode.swift; path = UIButtonExtension.swift; sourceTree = "<group>"; };
		1B72EFF7251A5E3300D42490 /* UIButtonProtocol.swift */ = {isa = PBXFileReference; lastKnownFileType = sourcecode.swift; path = UIButtonProtocol.swift; sourceTree = "<group>"; };
/* End PBXFileReference section */

/* Begin PBXFrameworksBuildPhase section */
		1B72EFC1251A513700D42490 /* Frameworks */ = {
			isa = PBXFrameworksBuildPhase;
			buildActionMask = 2147483647;
			files = (
			);
			runOnlyForDeploymentPostprocessing = 0;
		};
/* End PBXFrameworksBuildPhase section */

/* Begin PBXGroup section */
		1B72EFBB251A513700D42490 = {
			isa = PBXGroup;
			children = (
				1B72EFC6251A513700D42490 /* Renter */,
				1B72EFC5251A513700D42490 /* Products */,
			);
			sourceTree = "<group>";
		};
		1B72EFC5251A513700D42490 /* Products */ = {
			isa = PBXGroup;
			children = (
				1B72EFC4251A513700D42490 /* Renter.app */,
			);
			name = Products;
			sourceTree = "<group>";
		};
		1B72EFC6251A513700D42490 /* Renter */ = {
			isa = PBXGroup;
			children = (
				1B72EFF2251A5DCA00D42490 /* Extensions */,
				1B72EFED251A54B400D42490 /* Protocols */,
				1B72EFDC251A515D00D42490 /* Items */,
				1B72EFC7251A513700D42490 /* AppDelegate.swift */,
				1B72EFC9251A513700D42490 /* SceneDelegate.swift */,
				1B72EFCB251A513700D42490 /* ViewController.swift */,
				1B72EFCD251A513700D42490 /* Main.storyboard */,
				1B72EFD0251A513800D42490 /* Assets.xcassets */,
				1B72EFD2251A513800D42490 /* LaunchScreen.storyboard */,
				1B72EFD5251A513800D42490 /* Info.plist */,
			);
			path = Renter;
			sourceTree = "<group>";
		};
		1B72EFDC251A515D00D42490 /* Items */ = {
			isa = PBXGroup;
			children = (
				1B72EFDD251A518600D42490 /* DVD.swift */,
				1B72EFE0251A51A200D42490 /* Book.swift */,
				1B72EFE3251A51C500D42490 /* Car.swift */,
				1B72EFE7251A51F900D42490 /* CD.swift */,
				1B72EFEA251A522700D42490 /* Item.swift */,
			);
			path = Items;
			sourceTree = "<group>";
		};
		1B72EFED251A54B400D42490 /* Protocols */ = {
			isa = PBXGroup;
			children = (
				1B72EFEE251A54CA00D42490 /* ItemProtocol.swift */,
				1B72EFF7251A5E3300D42490 /* UIButtonProtocol.swift */,
			);
			path = Protocols;
			sourceTree = "<group>";
		};
		1B72EFF2251A5DCA00D42490 /* Extensions */ = {
			isa = PBXGroup;
			children = (
				1B72EFF3251A5DFA00D42490 /* UIButtonExtension.swift */,
			);
			path = Extensions;
			sourceTree = "<group>";
		};
/* End PBXGroup section */

/* Begin PBXNativeTarget section */
		1B72EFC3251A513700D42490 /* Renter */ = {
			isa = PBXNativeTarget;
			buildConfigurationList = 1B72EFD8251A513800D42490 /* Build configuration list for PBXNativeTarget "Renter" */;
			buildPhases = (
				1B72EFC0251A513700D42490 /* Sources */,
				1B72EFC1251A513700D42490 /* Frameworks */,
				1B72EFC2251A513700D42490 /* Resources */,
			);
			buildRules = (
			);
			dependencies = (
			);
			name = Renter;
			productName = Renter;
			productReference = 1B72EFC4251A513700D42490 /* Renter.app */;
			productType = "com.apple.product-type.application";
		};
/* End PBXNativeTarget section */

/* Begin PBXProject section */
		1B72EFBC251A513700D42490 /* Project object */ = {
			isa = PBXProject;
			attributes = {
				LastSwiftUpdateCheck = 1200;
				LastUpgradeCheck = 1200;
				TargetAttributes = {
					1B72EFC3251A513700D42490 = {
						CreatedOnToolsVersion = 12.0;
					};
				};
			};
			buildConfigurationList = 1B72EFBF251A513700D42490 /* Build configuration list for PBXProject "Renter" */;
			compatibilityVersion = "Xcode 9.3";
			developmentRegion = en;
			hasScannedForEncodings = 0;
			knownRegions = (
				en,
				Base,
			);
			mainGroup = 1B72EFBB251A513700D42490;
			productRefGroup = 1B72EFC5251A513700D42490 /* Products */;
			projectDirPath = "";
			projectRoot = "";
			targets = (
				1B72EFC3251A513700D42490 /* Renter */,
			);
		};
/* End PBXProject section */

/* Begin PBXResourcesBuildPhase section */
		1B72EFC2251A513700D42490 /* Resources */ = {
			isa = PBXResourcesBuildPhase;
			buildActionMask = 2147483647;
			files = (
				1B72EFD4251A513800D42490 /* LaunchScreen.storyboard in Resources */,
				1B72EFD1251A513800D42490 /* Assets.xcassets in Resources */,
				1B72EFCF251A513700D42490 /* Main.storyboard in Resources */,
			);
			runOnlyForDeploymentPostprocessing = 0;
		};
/* End PBXResourcesBuildPhase section */

/* Begin PBXSourcesBuildPhase section */
		1B72EFC0251A513700D42490 /* Sources */ = {
			isa = PBXSourcesBuildPhase;
			buildActionMask = 2147483647;
			files = (
				1B72EFCC251A513700D42490 /* ViewController.swift in Sources */,
				1B72EFF4251A5DFA00D42490 /* UIButtonExtension.swift in Sources */,
				1B72EFE8251A51F900D42490 /* CD.swift in Sources */,
				1B72EFEF251A54CA00D42490 /* ItemProtocol.swift in Sources */,
				1B72EFC8251A513700D42490 /* AppDelegate.swift in Sources */,
				1B72EFE4251A51C500D42490 /* Car.swift in Sources */,
				1B72EFF8251A5E3300D42490 /* UIButtonProtocol.swift in Sources */,
				1B72EFEB251A522700D42490 /* Item.swift in Sources */,
				1B72EFDE251A518600D42490 /* DVD.swift in Sources */,
				1B72EFCA251A513700D42490 /* SceneDelegate.swift in Sources */,
				1B72EFE1251A51A200D42490 /* Book.swift in Sources */,
			);
			runOnlyForDeploymentPostprocessing = 0;
		};
/* End PBXSourcesBuildPhase section */

/* Begin PBXVariantGroup section */
		1B72EFCD251A513700D42490 /* Main.storyboard */ = {
			isa = PBXVariantGroup;
			children = (
				1B72EFCE251A513700D42490 /* Base */,
			);
			name = Main.storyboard;
			sourceTree = "<group>";
		};
		1B72EFD2251A513800D42490 /* LaunchScreen.storyboard */ = {
			isa = PBXVariantGroup;
			children = (
				1B72EFD3251A513800D42490 /* Base */,
			);
			name = LaunchScreen.storyboard;
			sourceTree = "<group>";
		};
/* End PBXVariantGroup section */

/* Begin XCBuildConfiguration section */
		1B72EFD6251A513800D42490 /* Debug */ = {
			isa = XCBuildConfiguration;
			buildSettings = {
				ALWAYS_SEARCH_USER_PATHS = NO;
				CLANG_ANALYZER_NONNULL = YES;
				CLANG_ANALYZER_NUMBER_OBJECT_CONVERSION = YES_AGGRESSIVE;
				CLANG_CXX_LANGUAGE_STANDARD = "gnu++14";
				CLANG_CXX_LIBRARY = "libc++";
				CLANG_ENABLE_MODULES = YES;
				CLANG_ENABLE_OBJC_ARC = YES;
				CLANG_ENABLE_OBJC_WEAK = YES;
				CLANG_WARN_BLOCK_CAPTURE_AUTORELEASING = YES;
				CLANG_WARN_BOOL_CONVERSION = YES;
				CLANG_WARN_COMMA = YES;
				CLANG_WARN_CONSTANT_CONVERSION = YES;
				CLANG_WARN_DEPRECATED_OBJC_IMPLEMENTATIONS = YES;
				CLANG_WARN_DIRECT_OBJC_ISA_USAGE = YES_ERROR;
				CLANG_WARN_DOCUMENTATION_COMMENTS = YES;
				CLANG_WARN_EMPTY_BODY = YES;
				CLANG_WARN_ENUM_CONVERSION = YES;
				CLANG_WARN_INFINITE_RECURSION = YES;
				CLANG_WARN_INT_CONVERSION = YES;
				CLANG_WARN_NON_LITERAL_NULL_CONVERSION = YES;
				CLANG_WARN_OBJC_IMPLICIT_RETAIN_SELF = YES;
				CLANG_WARN_OBJC_LITERAL_CONVERSION = YES;
				CLANG_WARN_OBJC_ROOT_CLASS = YES_ERROR;
				CLANG_WARN_QUOTED_INCLUDE_IN_FRAMEWORK_HEADER = YES;
				CLANG_WARN_RANGE_LOOP_ANALYSIS = YES;
				CLANG_WARN_STRICT_PROTOTYPES = YES;
				CLANG_WARN_SUSPICIOUS_MOVE = YES;
				CLANG_WARN_UNGUARDED_AVAILABILITY = YES_AGGRESSIVE;
				CLANG_WARN_UNREACHABLE_CODE = YES;
				CLANG_WARN__DUPLICATE_METHOD_MATCH = YES;
				COPY_PHASE_STRIP = NO;
				DEBUG_INFORMATION_FORMAT = dwarf;
				ENABLE_STRICT_OBJC_MSGSEND = YES;
				ENABLE_TESTABILITY = YES;
				GCC_C_LANGUAGE_STANDARD = gnu11;
				GCC_DYNAMIC_NO_PIC = NO;
				GCC_NO_COMMON_BLOCKS = YES;
				GCC_OPTIMIZATION_LEVEL = 0;
				GCC_PREPROCESSOR_DEFINITIONS = (
					"DEBUG=1",
					"$(inherited)",
				);
				GCC_WARN_64_TO_32_BIT_CONVERSION = YES;
				GCC_WARN_ABOUT_RETURN_TYPE = YES_ERROR;
				GCC_WARN_UNDECLARED_SELECTOR = YES;
				GCC_WARN_UNINITIALIZED_AUTOS = YES_AGGRESSIVE;
				GCC_WARN_UNUSED_FUNCTION = YES;
				GCC_WARN_UNUSED_VARIABLE = YES;
				IPHONEOS_DEPLOYMENT_TARGET = 14.0;
				MTL_ENABLE_DEBUG_INFO = INCLUDE_SOURCE;
				MTL_FAST_MATH = YES;
				ONLY_ACTIVE_ARCH = YES;
				SDKROOT = iphoneos;
				SWIFT_ACTIVE_COMPILATION_CONDITIONS = DEBUG;
				SWIFT_OPTIMIZATION_LEVEL = "-Onone";
			};
			name = Debug;
		};
		1B72EFD7251A513800D42490 /* Release */ = {
			isa = XCBuildConfiguration;
			buildSettings = {
				ALWAYS_SEARCH_USER_PATHS = NO;
				CLANG_ANALYZER_NONNULL = YES;
				CLANG_ANALYZER_NUMBER_OBJECT_CONVERSION = YES_AGGRESSIVE;
				CLANG_CXX_LANGUAGE_STANDARD = "gnu++14";
				CLANG_CXX_LIBRARY = "libc++";
				CLANG_ENABLE_MODULES = YES;
				CLANG_ENABLE_OBJC_ARC = YES;
				CLANG_ENABLE_OBJC_WEAK = YES;
				CLANG_WARN_BLOCK_CAPTURE_AUTORELEASING = YES;
				CLANG_WARN_BOOL_CONVERSION = YES;
				CLANG_WARN_COMMA = YES;
				CLANG_WARN_CONSTANT_CONVERSION = YES;
				CLANG_WARN_DEPRECATED_OBJC_IMPLEMENTATIONS = YES;
				CLANG_WARN_DIRECT_OBJC_ISA_USAGE = YES_ERROR;
				CLANG_WARN_DOCUMENTATION_COMMENTS = YES;
				CLANG_WARN_EMPTY_BODY = YES;
				CLANG_WARN_ENUM_CONVERSION = YES;
				CLANG_WARN_INFINITE_RECURSION = YES;
				CLANG_WARN_INT_CONVERSION = YES;
				CLANG_WARN_NON_LITERAL_NULL_CONVERSION = YES;
				CLANG_WARN_OBJC_IMPLICIT_RETAIN_SELF = YES;
				CLANG_WARN_OBJC_LITERAL_CONVERSION = YES;
				CLANG_WARN_OBJC_ROOT_CLASS = YES_ERROR;
				CLANG_WARN_QUOTED_INCLUDE_IN_FRAMEWORK_HEADER = YES;
				CLANG_WARN_RANGE_LOOP_ANALYSIS = YES;
				CLANG_WARN_STRICT_PROTOTYPES = YES;
				CLANG_WARN_SUSPICIOUS_MOVE = YES;
				CLANG_WARN_UNGUARDED_AVAILABILITY = YES_AGGRESSIVE;
				CLANG_WARN_UNREACHABLE_CODE = YES;
				CLANG_WARN__DUPLICATE_METHOD_MATCH = YES;
				COPY_PHASE_STRIP = NO;
				DEBUG_INFORMATION_FORMAT = "dwarf-with-dsym";
				ENABLE_NS_ASSERTIONS = NO;
				ENABLE_STRICT_OBJC_MSGSEND = YES;
				GCC_C_LANGUAGE_STANDARD = gnu11;
				GCC_NO_COMMON_BLOCKS = YES;
				GCC_WARN_64_TO_32_BIT_CONVERSION = YES;
				GCC_WARN_ABOUT_RETURN_TYPE = YES_ERROR;
				GCC_WARN_UNDECLARED_SELECTOR = YES;
				GCC_WARN_UNINITIALIZED_AUTOS = YES_AGGRESSIVE;
				GCC_WARN_UNUSED_FUNCTION = YES;
				GCC_WARN_UNUSED_VARIABLE = YES;
				IPHONEOS_DEPLOYMENT_TARGET = 14.0;
				MTL_ENABLE_DEBUG_INFO = NO;
				MTL_FAST_MATH = YES;
				SDKROOT = iphoneos;
				SWIFT_COMPILATION_MODE = wholemodule;
				SWIFT_OPTIMIZATION_LEVEL = "-O";
				VALIDATE_PRODUCT = YES;
			};
			name = Release;
		};
		1B72EFD9251A513800D42490 /* Debug */ = {
			isa = XCBuildConfiguration;
			buildSettings = {
				ASSETCATALOG_COMPILER_APPICON_NAME = AppIcon;
				ASSETCATALOG_COMPILER_GLOBAL_ACCENT_COLOR_NAME = AccentColor;
				CODE_SIGN_STYLE = Automatic;
				INFOPLIST_FILE = Renter/Info.plist;
				LD_RUNPATH_SEARCH_PATHS = (
					"$(inherited)",
					"@executable_path/Frameworks",
				);
				PRODUCT_BUNDLE_IDENTIFIER = com.rafa.Renter;
				PRODUCT_NAME = "$(TARGET_NAME)";
				SWIFT_VERSION = 5.0;
				TARGETED_DEVICE_FAMILY = "1,2";
			};
			name = Debug;
		};
		1B72EFDA251A513800D42490 /* Release */ = {
			isa = XCBuildConfiguration;
			buildSettings = {
				ASSETCATALOG_COMPILER_APPICON_NAME = AppIcon;
				ASSETCATALOG_COMPILER_GLOBAL_ACCENT_COLOR_NAME = AccentColor;
				CODE_SIGN_STYLE = Automatic;
				INFOPLIST_FILE = Renter/Info.plist;
				LD_RUNPATH_SEARCH_PATHS = (
					"$(inherited)",
					"@executable_path/Frameworks",
				);
				PRODUCT_BUNDLE_IDENTIFIER = com.rafa.Renter;
				PRODUCT_NAME = "$(TARGET_NAME)";
				SWIFT_VERSION = 5.0;
				TARGETED_DEVICE_FAMILY = "1,2";
			};
			name = Release;
		};
/* End XCBuildConfiguration section */

/* Begin XCConfigurationList section */
		1B72EFBF251A513700D42490 /* Build configuration list for PBXProject "Renter" */ = {
			isa = XCConfigurationList;
			buildConfigurations = (
				1B72EFD6251A513800D42490 /* Debug */,
				1B72EFD7251A513800D42490 /* Release */,
			);
			defaultConfigurationIsVisible = 0;
			defaultConfigurationName = Release;
		};
		1B72EFD8251A513800D42490 /* Build configuration list for PBXNativeTarget "Renter" */ = {
			isa = XCConfigurationList;
			buildConfigurations = (
				1B72EFD9251A513800D42490 /* Debug */,
				1B72EFDA251A513800D42490 /* Release */,
			);
			defaultConfigurationIsVisible = 0;
			defaultConfigurationName = Release;
		};
/* End XCConfigurationList section */
	};
	rootObject = 1B72EFBC251A513700D42490 /* Project object */;
}
